// !$*UTF8*$!
{
	archiveVersion = 1;
	classes = {
	};
	objectVersion = 50;
	objects = {

/* Begin PBXBuildFile section */
		7FE194882663DE8200BCE61C /* AppDelegate.swift in Sources */ = {isa = PBXBuildFile; fileRef = 7FE194872663DE8200BCE61C /* AppDelegate.swift */; };
		7FE1948A2663DE8200BCE61C /* SceneDelegate.swift in Sources */ = {isa = PBXBuildFile; fileRef = 7FE194892663DE8200BCE61C /* SceneDelegate.swift */; };
		7FE1948C2663DE8200BCE61C /* ConversationsViewController.swift in Sources */ = {isa = PBXBuildFile; fileRef = 7FE1948B2663DE8200BCE61C /* ConversationsViewController.swift */; };
		7FE1948F2663DE8200BCE61C /* Main.storyboard in Resources */ = {isa = PBXBuildFile; fileRef = 7FE1948D2663DE8200BCE61C /* Main.storyboard */; };
		7FE194912663DE8300BCE61C /* Assets.xcassets in Resources */ = {isa = PBXBuildFile; fileRef = 7FE194902663DE8300BCE61C /* Assets.xcassets */; };
		7FE194942663DE8300BCE61C /* LaunchScreen.storyboard in Resources */ = {isa = PBXBuildFile; fileRef = 7FE194922663DE8300BCE61C /* LaunchScreen.storyboard */; };
		7FE194A42663F43200BCE61C /* LoginViewController.swift in Sources */ = {isa = PBXBuildFile; fileRef = 7FE194A32663F43200BCE61C /* LoginViewController.swift */; };
		7FE194A62663F48000BCE61C /* RegisterViewController.swift in Sources */ = {isa = PBXBuildFile; fileRef = 7FE194A52663F48000BCE61C /* RegisterViewController.swift */; };
		7FE194A82663F50300BCE61C /* PhotoViewerViewController.swift in Sources */ = {isa = PBXBuildFile; fileRef = 7FE194A72663F50300BCE61C /* PhotoViewerViewController.swift */; };
		7FE194AA2663F52500BCE61C /* VideoPlayerViewController.swift in Sources */ = {isa = PBXBuildFile; fileRef = 7FE194A92663F52500BCE61C /* VideoPlayerViewController.swift */; };
		7FE194AC2663F5B100BCE61C /* NewConversationViewController.swift in Sources */ = {isa = PBXBuildFile; fileRef = 7FE194AB2663F5B100BCE61C /* NewConversationViewController.swift */; };
		7FE194AE2663F60200BCE61C /* ProfileViewController.swift in Sources */ = {isa = PBXBuildFile; fileRef = 7FE194AD2663F60200BCE61C /* ProfileViewController.swift */; };
/* End PBXBuildFile section */

/* Begin PBXFileReference section */
		7FE194842663DE8200BCE61C /* DepecheMode.app */ = {isa = PBXFileReference; explicitFileType = wrapper.application; includeInIndex = 0; path = DepecheMode.app; sourceTree = BUILT_PRODUCTS_DIR; };
		7FE194872663DE8200BCE61C /* AppDelegate.swift */ = {isa = PBXFileReference; lastKnownFileType = sourcecode.swift; path = AppDelegate.swift; sourceTree = "<group>"; };
		7FE194892663DE8200BCE61C /* SceneDelegate.swift */ = {isa = PBXFileReference; lastKnownFileType = sourcecode.swift; path = SceneDelegate.swift; sourceTree = "<group>"; };
		7FE1948B2663DE8200BCE61C /* ConversationsViewController.swift */ = {isa = PBXFileReference; lastKnownFileType = sourcecode.swift; path = ConversationsViewController.swift; sourceTree = "<group>"; };
		7FE1948E2663DE8200BCE61C /* Base */ = {isa = PBXFileReference; lastKnownFileType = file.storyboard; name = Base; path = Base.lproj/Main.storyboard; sourceTree = "<group>"; };
		7FE194902663DE8300BCE61C /* Assets.xcassets */ = {isa = PBXFileReference; lastKnownFileType = folder.assetcatalog; path = Assets.xcassets; sourceTree = "<group>"; };
		7FE194932663DE8300BCE61C /* Base */ = {isa = PBXFileReference; lastKnownFileType = file.storyboard; name = Base; path = Base.lproj/LaunchScreen.storyboard; sourceTree = "<group>"; };
		7FE194952663DE8300BCE61C /* Info.plist */ = {isa = PBXFileReference; lastKnownFileType = text.plist.xml; path = Info.plist; sourceTree = "<group>"; };
		7FE194A32663F43200BCE61C /* LoginViewController.swift */ = {isa = PBXFileReference; lastKnownFileType = sourcecode.swift; path = LoginViewController.swift; sourceTree = "<group>"; };
		7FE194A52663F48000BCE61C /* RegisterViewController.swift */ = {isa = PBXFileReference; lastKnownFileType = sourcecode.swift; path = RegisterViewController.swift; sourceTree = "<group>"; };
		7FE194A72663F50300BCE61C /* PhotoViewerViewController.swift */ = {isa = PBXFileReference; lastKnownFileType = sourcecode.swift; path = PhotoViewerViewController.swift; sourceTree = "<group>"; };
		7FE194A92663F52500BCE61C /* VideoPlayerViewController.swift */ = {isa = PBXFileReference; lastKnownFileType = sourcecode.swift; path = VideoPlayerViewController.swift; sourceTree = "<group>"; };
		7FE194AB2663F5B100BCE61C /* NewConversationViewController.swift */ = {isa = PBXFileReference; lastKnownFileType = sourcecode.swift; path = NewConversationViewController.swift; sourceTree = "<group>"; };
		7FE194AD2663F60200BCE61C /* ProfileViewController.swift */ = {isa = PBXFileReference; lastKnownFileType = sourcecode.swift; path = ProfileViewController.swift; sourceTree = "<group>"; };
/* End PBXFileReference section */

/* Begin PBXFrameworksBuildPhase section */
		7FE194812663DE8200BCE61C /* Frameworks */ = {
			isa = PBXFrameworksBuildPhase;
			buildActionMask = 2147483647;
			files = (
			);
			runOnlyForDeploymentPostprocessing = 0;
		};
/* End PBXFrameworksBuildPhase section */

/* Begin PBXGroup section */
		7FE1947B2663DE8200BCE61C = {
			isa = PBXGroup;
			children = (
				7FE194862663DE8200BCE61C /* DepecheMode */,
				7FE194852663DE8200BCE61C /* Products */,
			);
			sourceTree = "<group>";
		};
		7FE194852663DE8200BCE61C /* Products */ = {
			isa = PBXGroup;
			children = (
				7FE194842663DE8200BCE61C /* DepecheMode.app */,
			);
			name = Products;
			sourceTree = "<group>";
		};
		7FE194862663DE8200BCE61C /* DepecheMode */ = {
			isa = PBXGroup;
			children = (
				7FE1949B2663EDA400BCE61C /* Controllers */,
				7FE1949C2663EDC200BCE61C /* Models */,
				7FE1949F2663EE2000BCE61C /* Resources */,
				7FE1949E2663EE1200BCE61C /* Views */,
				7FE1949D2663EDD700BCE61C /* ViewModels */,
				7FE194952663DE8300BCE61C /* Info.plist */,
			);
			path = DepecheMode;
			sourceTree = "<group>";
		};
		7FE1949B2663EDA400BCE61C /* Controllers */ = {
			isa = PBXGroup;
			children = (
				7FE1948B2663DE8200BCE61C /* ConversationsViewController.swift */,
				7FE194A32663F43200BCE61C /* LoginViewController.swift */,
				7FE194A52663F48000BCE61C /* RegisterViewController.swift */,
				7FE194A72663F50300BCE61C /* PhotoViewerViewController.swift */,
				7FE194A92663F52500BCE61C /* VideoPlayerViewController.swift */,
				7FE194AB2663F5B100BCE61C /* NewConversationViewController.swift */,
				7FE194AD2663F60200BCE61C /* ProfileViewController.swift */,
			);
			path = Controllers;
			sourceTree = "<group>";
		};
		7FE1949C2663EDC200BCE61C /* Models */ = {
			isa = PBXGroup;
			children = (
			);
			path = Models;
			sourceTree = "<group>";
		};
		7FE1949D2663EDD700BCE61C /* ViewModels */ = {
			isa = PBXGroup;
			children = (
			);
			path = ViewModels;
			sourceTree = "<group>";
		};
		7FE1949E2663EE1200BCE61C /* Views */ = {
			isa = PBXGroup;
			children = (
				7FE194A02663EFBF00BCE61C /* Storyboards */,
				7FE194902663DE8300BCE61C /* Assets.xcassets */,
			);
			path = Views;
			sourceTree = "<group>";
		};
		7FE1949F2663EE2000BCE61C /* Resources */ = {
			isa = PBXGroup;
			children = (
				7FE194872663DE8200BCE61C /* AppDelegate.swift */,
				7FE194892663DE8200BCE61C /* SceneDelegate.swift */,
			);
			path = Resources;
			sourceTree = "<group>";
		};
		7FE194A02663EFBF00BCE61C /* Storyboards */ = {
			isa = PBXGroup;
			children = (
				7FE1948D2663DE8200BCE61C /* Main.storyboard */,
				7FE194922663DE8300BCE61C /* LaunchScreen.storyboard */,
			);
			path = Storyboards;
			sourceTree = "<group>";
		};
/* End PBXGroup section */

/* Begin PBXNativeTarget section */
		7FE194832663DE8200BCE61C /* DepecheMode */ = {
			isa = PBXNativeTarget;
			buildConfigurationList = 7FE194982663DE8300BCE61C /* Build configuration list for PBXNativeTarget "DepecheMode" */;
			buildPhases = (
				7FE194802663DE8200BCE61C /* Sources */,
				7FE194812663DE8200BCE61C /* Frameworks */,
				7FE194822663DE8200BCE61C /* Resources */,
			);
			buildRules = (
			);
			dependencies = (
			);
			name = DepecheMode;
			productName = DepecheMode;
			productReference = 7FE194842663DE8200BCE61C /* DepecheMode.app */;
			productType = "com.apple.product-type.application";
		};
/* End PBXNativeTarget section */

/* Begin PBXProject section */
		7FE1947C2663DE8200BCE61C /* Project object */ = {
			isa = PBXProject;
			attributes = {
				LastSwiftUpdateCheck = 1250;
				LastUpgradeCheck = 1250;
				TargetAttributes = {
					7FE194832663DE8200BCE61C = {
						CreatedOnToolsVersion = 12.5;
					};
				};
			};
			buildConfigurationList = 7FE1947F2663DE8200BCE61C /* Build configuration list for PBXProject "DepecheMode" */;
			compatibilityVersion = "Xcode 9.3";
			developmentRegion = en;
			hasScannedForEncodings = 0;
			knownRegions = (
				en,
				Base,
			);
			mainGroup = 7FE1947B2663DE8200BCE61C;
			productRefGroup = 7FE194852663DE8200BCE61C /* Products */;
			projectDirPath = "";
			projectRoot = "";
			targets = (
				7FE194832663DE8200BCE61C /* DepecheMode */,
			);
		};
/* End PBXProject section */

/* Begin PBXResourcesBuildPhase section */
		7FE194822663DE8200BCE61C /* Resources */ = {
			isa = PBXResourcesBuildPhase;
			buildActionMask = 2147483647;
			files = (
				7FE194942663DE8300BCE61C /* LaunchScreen.storyboard in Resources */,
				7FE194912663DE8300BCE61C /* Assets.xcassets in Resources */,
				7FE1948F2663DE8200BCE61C /* Main.storyboard in Resources */,
			);
			runOnlyForDeploymentPostprocessing = 0;
		};
/* End PBXResourcesBuildPhase section */

/* Begin PBXSourcesBuildPhase section */
		7FE194802663DE8200BCE61C /* Sources */ = {
			isa = PBXSourcesBuildPhase;
			buildActionMask = 2147483647;
			files = (
				7FE194A42663F43200BCE61C /* LoginViewController.swift in Sources */,
				7FE194A62663F48000BCE61C /* RegisterViewController.swift in Sources */,
				7FE194AC2663F5B100BCE61C /* NewConversationViewController.swift in Sources */,
				7FE1948C2663DE8200BCE61C /* ConversationsViewController.swift in Sources */,
				7FE194AA2663F52500BCE61C /* VideoPlayerViewController.swift in Sources */,
				7FE194882663DE8200BCE61C /* AppDelegate.swift in Sources */,
				7FE194AE2663F60200BCE61C /* ProfileViewController.swift in Sources */,
				7FE1948A2663DE8200BCE61C /* SceneDelegate.swift in Sources */,
				7FE194A82663F50300BCE61C /* PhotoViewerViewController.swift in Sources */,
			);
			runOnlyForDeploymentPostprocessing = 0;
		};
/* End PBXSourcesBuildPhase section */

/* Begin PBXVariantGroup section */
		7FE1948D2663DE8200BCE61C /* Main.storyboard */ = {
			isa = PBXVariantGroup;
			children = (
				7FE1948E2663DE8200BCE61C /* Base */,
			);
			name = Main.storyboard;
			sourceTree = "<group>";
		};
		7FE194922663DE8300BCE61C /* LaunchScreen.storyboard */ = {
			isa = PBXVariantGroup;
			children = (
				7FE194932663DE8300BCE61C /* Base */,
			);
			name = LaunchScreen.storyboard;
			sourceTree = "<group>";
		};
/* End PBXVariantGroup section */

/* Begin XCBuildConfiguration section */
		7FE194962663DE8300BCE61C /* Debug */ = {
			isa = XCBuildConfiguration;
			buildSettings = {
				ALWAYS_SEARCH_USER_PATHS = NO;
				CLANG_ANALYZER_NONNULL = YES;
				CLANG_ANALYZER_NUMBER_OBJECT_CONVERSION = YES_AGGRESSIVE;
				CLANG_CXX_LANGUAGE_STANDARD = "gnu++14";
				CLANG_CXX_LIBRARY = "libc++";
				CLANG_ENABLE_MODULES = YES;
				CLANG_ENABLE_OBJC_ARC = YES;
				CLANG_ENABLE_OBJC_WEAK = YES;
				CLANG_WARN_BLOCK_CAPTURE_AUTORELEASING = YES;
				CLANG_WARN_BOOL_CONVERSION = YES;
				CLANG_WARN_COMMA = YES;
				CLANG_WARN_CONSTANT_CONVERSION = YES;
				CLANG_WARN_DEPRECATED_OBJC_IMPLEMENTATIONS = YES;
				CLANG_WARN_DIRECT_OBJC_ISA_USAGE = YES_ERROR;
				CLANG_WARN_DOCUMENTATION_COMMENTS = YES;
				CLANG_WARN_EMPTY_BODY = YES;
				CLANG_WARN_ENUM_CONVERSION = YES;
				CLANG_WARN_INFINITE_RECURSION = YES;
				CLANG_WARN_INT_CONVERSION = YES;
				CLANG_WARN_NON_LITERAL_NULL_CONVERSION = YES;
				CLANG_WARN_OBJC_IMPLICIT_RETAIN_SELF = YES;
				CLANG_WARN_OBJC_LITERAL_CONVERSION = YES;
				CLANG_WARN_OBJC_ROOT_CLASS = YES_ERROR;
				CLANG_WARN_QUOTED_INCLUDE_IN_FRAMEWORK_HEADER = YES;
				CLANG_WARN_RANGE_LOOP_ANALYSIS = YES;
				CLANG_WARN_STRICT_PROTOTYPES = YES;
				CLANG_WARN_SUSPICIOUS_MOVE = YES;
				CLANG_WARN_UNGUARDED_AVAILABILITY = YES_AGGRESSIVE;
				CLANG_WARN_UNREACHABLE_CODE = YES;
				CLANG_WARN__DUPLICATE_METHOD_MATCH = YES;
				COPY_PHASE_STRIP = NO;
				DEBUG_INFORMATION_FORMAT = dwarf;
				ENABLE_STRICT_OBJC_MSGSEND = YES;
				ENABLE_TESTABILITY = YES;
				GCC_C_LANGUAGE_STANDARD = gnu11;
				GCC_DYNAMIC_NO_PIC = NO;
				GCC_NO_COMMON_BLOCKS = YES;
				GCC_OPTIMIZATION_LEVEL = 0;
				GCC_PREPROCESSOR_DEFINITIONS = (
					"DEBUG=1",
					"$(inherited)",
				);
				GCC_WARN_64_TO_32_BIT_CONVERSION = YES;
				GCC_WARN_ABOUT_RETURN_TYPE = YES_ERROR;
				GCC_WARN_UNDECLARED_SELECTOR = YES;
				GCC_WARN_UNINITIALIZED_AUTOS = YES_AGGRESSIVE;
				GCC_WARN_UNUSED_FUNCTION = YES;
				GCC_WARN_UNUSED_VARIABLE = YES;
				IPHONEOS_DEPLOYMENT_TARGET = 14.5;
				MTL_ENABLE_DEBUG_INFO = INCLUDE_SOURCE;
				MTL_FAST_MATH = YES;
				ONLY_ACTIVE_ARCH = YES;
				SDKROOT = iphoneos;
				SWIFT_ACTIVE_COMPILATION_CONDITIONS = DEBUG;
				SWIFT_OPTIMIZATION_LEVEL = "-Onone";
			};
			name = Debug;
		};
		7FE194972663DE8300BCE61C /* Release */ = {
			isa = XCBuildConfiguration;
			buildSettings = {
				ALWAYS_SEARCH_USER_PATHS = NO;
				CLANG_ANALYZER_NONNULL = YES;
				CLANG_ANALYZER_NUMBER_OBJECT_CONVERSION = YES_AGGRESSIVE;
				CLANG_CXX_LANGUAGE_STANDARD = "gnu++14";
				CLANG_CXX_LIBRARY = "libc++";
				CLANG_ENABLE_MODULES = YES;
				CLANG_ENABLE_OBJC_ARC = YES;
				CLANG_ENABLE_OBJC_WEAK = YES;
				CLANG_WARN_BLOCK_CAPTURE_AUTORELEASING = YES;
				CLANG_WARN_BOOL_CONVERSION = YES;
				CLANG_WARN_COMMA = YES;
				CLANG_WARN_CONSTANT_CONVERSION = YES;
				CLANG_WARN_DEPRECATED_OBJC_IMPLEMENTATIONS = YES;
				CLANG_WARN_DIRECT_OBJC_ISA_USAGE = YES_ERROR;
				CLANG_WARN_DOCUMENTATION_COMMENTS = YES;
				CLANG_WARN_EMPTY_BODY = YES;
				CLANG_WARN_ENUM_CONVERSION = YES;
				CLANG_WARN_INFINITE_RECURSION = YES;
				CLANG_WARN_INT_CONVERSION = YES;
				CLANG_WARN_NON_LITERAL_NULL_CONVERSION = YES;
				CLANG_WARN_OBJC_IMPLICIT_RETAIN_SELF = YES;
				CLANG_WARN_OBJC_LITERAL_CONVERSION = YES;
				CLANG_WARN_OBJC_ROOT_CLASS = YES_ERROR;
				CLANG_WARN_QUOTED_INCLUDE_IN_FRAMEWORK_HEADER = YES;
				CLANG_WARN_RANGE_LOOP_ANALYSIS = YES;
				CLANG_WARN_STRICT_PROTOTYPES = YES;
				CLANG_WARN_SUSPICIOUS_MOVE = YES;
				CLANG_WARN_UNGUARDED_AVAILABILITY = YES_AGGRESSIVE;
				CLANG_WARN_UNREACHABLE_CODE = YES;
				CLANG_WARN__DUPLICATE_METHOD_MATCH = YES;
				COPY_PHASE_STRIP = NO;
				DEBUG_INFORMATION_FORMAT = "dwarf-with-dsym";
				ENABLE_NS_ASSERTIONS = NO;
				ENABLE_STRICT_OBJC_MSGSEND = YES;
				GCC_C_LANGUAGE_STANDARD = gnu11;
				GCC_NO_COMMON_BLOCKS = YES;
				GCC_WARN_64_TO_32_BIT_CONVERSION = YES;
				GCC_WARN_ABOUT_RETURN_TYPE = YES_ERROR;
				GCC_WARN_UNDECLARED_SELECTOR = YES;
				GCC_WARN_UNINITIALIZED_AUTOS = YES_AGGRESSIVE;
				GCC_WARN_UNUSED_FUNCTION = YES;
				GCC_WARN_UNUSED_VARIABLE = YES;
				IPHONEOS_DEPLOYMENT_TARGET = 14.5;
				MTL_ENABLE_DEBUG_INFO = NO;
				MTL_FAST_MATH = YES;
				SDKROOT = iphoneos;
				SWIFT_COMPILATION_MODE = wholemodule;
				SWIFT_OPTIMIZATION_LEVEL = "-O";
				VALIDATE_PRODUCT = YES;
			};
			name = Release;
		};
		7FE194992663DE8300BCE61C /* Debug */ = {
			isa = XCBuildConfiguration;
			buildSettings = {
				ASSETCATALOG_COMPILER_APPICON_NAME = AppIcon;
				ASSETCATALOG_COMPILER_GLOBAL_ACCENT_COLOR_NAME = AccentColor;
				CODE_SIGN_STYLE = Automatic;
				DEVELOPMENT_TEAM = MQ6G8V8L3S;
				INFOPLIST_FILE = DepecheMode/Info.plist;
				IPHONEOS_DEPLOYMENT_TARGET = 13.0;
				LD_RUNPATH_SEARCH_PATHS = (
					"$(inherited)",
					"@executable_path/Frameworks",
				);
				PRODUCT_BUNDLE_IDENTIFIER = "aharon-babel-apps.DepecheMode";
				PRODUCT_NAME = "$(TARGET_NAME)";
				SWIFT_VERSION = 5.0;
				TARGETED_DEVICE_FAMILY = "1,2";
			};
			name = Debug;
		};
		7FE1949A2663DE8300BCE61C /* Release */ = {
			isa = XCBuildConfiguration;
			buildSettings = {
				ASSETCATALOG_COMPILER_APPICON_NAME = AppIcon;
				ASSETCATALOG_COMPILER_GLOBAL_ACCENT_COLOR_NAME = AccentColor;
				CODE_SIGN_STYLE = Automatic;
				DEVELOPMENT_TEAM = MQ6G8V8L3S;
				INFOPLIST_FILE = DepecheMode/Info.plist;
				IPHONEOS_DEPLOYMENT_TARGET = 13.0;
				LD_RUNPATH_SEARCH_PATHS = (
					"$(inherited)",
					"@executable_path/Frameworks",
				);
				PRODUCT_BUNDLE_IDENTIFIER = "aharon-babel-apps.DepecheMode";
				PRODUCT_NAME = "$(TARGET_NAME)";
				SWIFT_VERSION = 5.0;
				TARGETED_DEVICE_FAMILY = "1,2";
			};
			name = Release;
		};
/* End XCBuildConfiguration section */

/* Begin XCConfigurationList section */
		7FE1947F2663DE8200BCE61C /* Build configuration list for PBXProject "DepecheMode" */ = {
			isa = XCConfigurationList;
			buildConfigurations = (
				7FE194962663DE8300BCE61C /* Debug */,
				7FE194972663DE8300BCE61C /* Release */,
			);
			defaultConfigurationIsVisible = 0;
			defaultConfigurationName = Release;
		};
		7FE194982663DE8300BCE61C /* Build configuration list for PBXNativeTarget "DepecheMode" */ = {
			isa = XCConfigurationList;
			buildConfigurations = (
				7FE194992663DE8300BCE61C /* Debug */,
				7FE1949A2663DE8300BCE61C /* Release */,
			);
			defaultConfigurationIsVisible = 0;
			defaultConfigurationName = Release;
		};
/* End XCConfigurationList section */
	};
	rootObject = 7FE1947C2663DE8200BCE61C /* Project object */;
}
